PODS:
  - AFNetworking (2.6.3):
    - AFNetworking/NSURLConnection (= 2.6.3)
    - AFNetworking/NSURLSession (= 2.6.3)
    - AFNetworking/Reachability (= 2.6.3)
    - AFNetworking/Security (= 2.6.3)
    - AFNetworking/Serialization (= 2.6.3)
    - AFNetworking/UIKit (= 2.6.3)
  - AFNetworking/NSURLConnection (2.6.3):
    - AFNetworking/Reachability
    - AFNetworking/Security
    - AFNetworking/Serialization
  - AFNetworking/NSURLSession (2.6.3):
    - AFNetworking/Reachability
    - AFNetworking/Security
    - AFNetworking/Serialization
  - AFNetworking/Reachability (2.6.3)
  - AFNetworking/Security (2.6.3)
  - AFNetworking/Serialization (2.6.3)
  - AFNetworking/UIKit (2.6.3):
    - AFNetworking/NSURLConnection
    - AFNetworking/NSURLSession
  - BDBOAuth1Manager (1.6.0):
    - AFNetworking/NSURLConnection (~> 2.6.0)
    - AFNetworking/NSURLSession (~> 2.6.0)
  - KRActivityIndicatorView (2.1.0)
  - KRProgressHUD (3.1.0):
    - KRActivityIndicatorView (~> 2.1.0)

DEPENDENCIES:
  - AFNetworking (~> 2.5)
  - BDBOAuth1Manager
  - KRProgressHUD

SPEC CHECKSUMS:
  AFNetworking: cb8d14a848e831097108418f5d49217339d4eb60
  BDBOAuth1Manager: cd5a5872f355ca38180d52ca2dd844f0b0c84797
  KRActivityIndicatorView: d1bab0525ff3def4e600ec0cef6bb3057a99ba7d
  KRProgressHUD: 590711f91da7088bce0e7f6abdf273d51359e505

PODFILE CHECKSUM: 66992e7014d254fb58839ffb965d40307da67dfb

COCOAPODS: 1.2.0
